
Microsoft Visual Studio Solution File, Format Version 12.00
# Visual Studio Version 16
VisualStudioVersion = 16.0.30907.101
MinimumVisualStudioVersion = 10.0.40219.1
Project("{9A19103F-16F7-4668-BE54-9A1E7A4F7556}") = "Business", "Business\Business.csproj", "{8CEA056B-203B-445F-9DB3-1340EC3F4F25}"
EndProject
Project("{9A19103F-16F7-4668-BE54-9A1E7A4F7556}") = "Entities", "Entities\Entities.csproj", "{C0D3A44C-B3D5-4F7F-A2C6-2096F6C032AD}"
EndProject
Project("{9A19103F-16F7-4668-BE54-9A1E7A4F7556}") = "Data Access", "Data Access\Data Access.csproj", "{08D3893D-2C8E-4DFB-A48A-78DC27130BA1}"
EndProject
Project("{9A19103F-16F7-4668-BE54-9A1E7A4F7556}") = "Console", "Console\Console.csproj", "{FDE3C8C5-6A78-4CA3-A7F4-EBC1FADB9CA8}"
EndProject
Project("{9A19103F-16F7-4668-BE54-9A1E7A4F7556}") = "Core", "Core\Core.csproj", "{8F370BE6-95FC-4555-B619-2E1034A57F61}"
EndProject
Project("{FAE04EC0-301F-11D3-BF4B-00C04F79EFBC}") = "WebAPI", "WebAPI\WebAPI.csproj", "{A5D1B63D-0051-45A4-9405-C4B5DED98461}"
EndProject
Global
	GlobalSection(SolutionConfigurationPlatforms) = preSolution
		Debug|Any CPU = Debug|Any CPU
		Release|Any CPU = Release|Any CPU
	EndGlobalSection
	GlobalSection(ProjectConfigurationPlatforms) = postSolution
		{8CEA056B-203B-445F-9DB3-1340EC3F4F25}.Debug|Any CPU.ActiveCfg = Debug|Any CPU
		{8CEA056B-203B-445F-9DB3-1340EC3F4F25}.Debug|Any CPU.Build.0 = Debug|Any CPU
		{8CEA056B-203B-445F-9DB3-1340EC3F4F25}.Release|Any CPU.ActiveCfg = Release|Any CPU
		{8CEA056B-203B-445F-9DB3-1340EC3F4F25}.Release|Any CPU.Build.0 = Release|Any CPU
		{C0D3A44C-B3D5-4F7F-A2C6-2096F6C032AD}.Debug|Any CPU.ActiveCfg = Debug|Any CPU
		{C0D3A44C-B3D5-4F7F-A2C6-2096F6C032AD}.Debug|Any CPU.Build.0 = Debug|Any CPU
		{C0D3A44C-B3D5-4F7F-A2C6-2096F6C032AD}.Release|Any CPU.ActiveCfg = Release|Any CPU
		{C0D3A44C-B3D5-4F7F-A2C6-2096F6C032AD}.Release|Any CPU.Build.0 = Release|Any CPU
		{08D3893D-2C8E-4DFB-A48A-78DC27130BA1}.Debug|Any CPU.ActiveCfg = Debug|Any CPU
		{08D3893D-2C8E-4DFB-A48A-78DC27130BA1}.Debug|Any CPU.Build.0 = Debug|Any CPU
		{08D3893D-2C8E-4DFB-A48A-78DC27130BA1}.Release|Any CPU.ActiveCfg = Release|Any CPU
		{08D3893D-2C8E-4DFB-A48A-78DC27130BA1}.Release|Any CPU.Build.0 = Release|Any CPU
		{FDE3C8C5-6A78-4CA3-A7F4-EBC1FADB9CA8}.Debug|Any CPU.ActiveCfg = Debug|Any CPU
		{FDE3C8C5-6A78-4CA3-A7F4-EBC1FADB9CA8}.Debug|Any CPU.Build.0 = Debug|Any CPU
		{FDE3C8C5-6A78-4CA3-A7F4-EBC1FADB9CA8}.Release|Any CPU.ActiveCfg = Release|Any CPU
		{FDE3C8C5-6A78-4CA3-A7F4-EBC1FADB9CA8}.Release|Any CPU.Build.0 = Release|Any CPU
		{8F370BE6-95FC-4555-B619-2E1034A57F61}.Debug|Any CPU.ActiveCfg = Debug|Any CPU
		{8F370BE6-95FC-4555-B619-2E1034A57F61}.Debug|Any CPU.Build.0 = Debug|Any CPU
		{8F370BE6-95FC-4555-B619-2E1034A57F61}.Release|Any CPU.ActiveCfg = Release|Any CPU
		{8F370BE6-95FC-4555-B619-2E1034A57F61}.Release|Any CPU.Build.0 = Release|Any CPU
		{A5D1B63D-0051-45A4-9405-C4B5DED98461}.Debug|Any CPU.ActiveCfg = Debug|Any CPU
		{A5D1B63D-0051-45A4-9405-C4B5DED98461}.Debug|Any CPU.Build.0 = Debug|Any CPU
		{A5D1B63D-0051-45A4-9405-C4B5DED98461}.Release|Any CPU.ActiveCfg = Release|Any CPU
		{A5D1B63D-0051-45A4-9405-C4B5DED98461}.Release|Any CPU.Build.0 = Release|Any CPU
	EndGlobalSection
	GlobalSection(SolutionProperties) = preSolution
		HideSolutionNode = FALSE
	EndGlobalSection
	GlobalSection(ExtensibilityGlobals) = postSolution
		SolutionGuid = {CA53CF9F-5E1C-4C8F-AC8F-3979C4EAEE71}
	EndGlobalSection
EndGlobal
